
Microsoft Visual Studio Solution File, Format Version 12.00
# Visual Studio Version 16
VisualStudioVersion = 16.0.33214.272
MinimumVisualStudioVersion = 10.0.40219.1
Project("{FAE04EC0-301F-11D3-BF4B-00C04F79EFBC}") = "LinqToSQl", "LinqToSQl\LinqToSQl.csproj", "{6CB1DC35-AC62-4F87-B82D-9BFF3E2F9B57}"
EndProject
Global
	GlobalSection(SolutionConfigurationPlatforms) = preSolution
		Debug|Any CPU = Debug|Any CPU
		Release|Any CPU = Release|Any CPU
	EndGlobalSection
	GlobalSection(ProjectConfigurationPlatforms) = postSolution
		{6CB1DC35-AC62-4F87-B82D-9BFF3E2F9B57}.Debug|Any CPU.ActiveCfg = Debug|Any CPU
		{6CB1DC35-AC62-4F87-B82D-9BFF3E2F9B57}.Debug|Any CPU.Build.0 = Debug|Any CPU
		{6CB1DC35-AC62-4F87-B82D-9BFF3E2F9B57}.Release|Any CPU.ActiveCfg = Release|Any CPU
		{6CB1DC35-AC62-4F87-B82D-9BFF3E2F9B57}.Release|Any CPU.Build.0 = Release|Any CPU
	EndGlobalSection
	GlobalSection(SolutionProperties) = preSolution
		HideSolutionNode = FALSE
	EndGlobalSection
	GlobalSection(ExtensibilityGlobals) = postSolution
		SolutionGuid = {0D0CA57A-112F-4708-8A64-E4C04144E04C}
	EndGlobalSection
EndGlobal
